// !$*UTF8*$!
{
	archiveVersion = 1;
	classes = {
	};
	objectVersion = 46;
	objects = {

/* Begin PBXBuildFile section */
		4D488EBC1C4EA039004AEF02 /* AppDelegate.swift in Sources */ = {isa = PBXBuildFile; fileRef = 4D488EBB1C4EA039004AEF02 /* AppDelegate.swift */; };
		4D488EBE1C4EA039004AEF02 /* ViewController.swift in Sources */ = {isa = PBXBuildFile; fileRef = 4D488EBD1C4EA039004AEF02 /* ViewController.swift */; };
		4D488EC11C4EA039004AEF02 /* Main.storyboard in Resources */ = {isa = PBXBuildFile; fileRef = 4D488EBF1C4EA039004AEF02 /* Main.storyboard */; };
		4D488EC31C4EA039004AEF02 /* Assets.xcassets in Resources */ = {isa = PBXBuildFile; fileRef = 4D488EC21C4EA039004AEF02 /* Assets.xcassets */; };
		4D488EC61C4EA039004AEF02 /* LaunchScreen.storyboard in Resources */ = {isa = PBXBuildFile; fileRef = 4D488EC41C4EA039004AEF02 /* LaunchScreen.storyboard */; };
		4D488ED31C4EA228004AEF02 /* Info.plist in Resources */ = {isa = PBXBuildFile; fileRef = 4D488ED11C4EA228004AEF02 /* Info.plist */; };
		4DE85D361C4FDF4B00399F10 /* ApplicationEventObserver.swift in Sources */ = {isa = PBXBuildFile; fileRef = 4D488ED01C4EA228004AEF02 /* ApplicationEventObserver.swift */; };
/* End PBXBuildFile section */

/* Begin PBXFileReference section */
		4D488EB81C4EA039004AEF02 /* Demo.app */ = {isa = PBXFileReference; explicitFileType = wrapper.application; includeInIndex = 0; path = Demo.app; sourceTree = BUILT_PRODUCTS_DIR; };
		4D488EBB1C4EA039004AEF02 /* AppDelegate.swift */ = {isa = PBXFileReference; lastKnownFileType = sourcecode.swift; path = AppDelegate.swift; sourceTree = "<group>"; };
		4D488EBD1C4EA039004AEF02 /* ViewController.swift */ = {isa = PBXFileReference; lastKnownFileType = sourcecode.swift; path = ViewController.swift; sourceTree = "<group>"; };
		4D488EC01C4EA039004AEF02 /* Base */ = {isa = PBXFileReference; lastKnownFileType = file.storyboard; name = Base; path = Base.lproj/Main.storyboard; sourceTree = "<group>"; };
		4D488EC21C4EA039004AEF02 /* Assets.xcassets */ = {isa = PBXFileReference; lastKnownFileType = folder.assetcatalog; path = Assets.xcassets; sourceTree = "<group>"; };
		4D488EC51C4EA039004AEF02 /* Base */ = {isa = PBXFileReference; lastKnownFileType = file.storyboard; name = Base; path = Base.lproj/LaunchScreen.storyboard; sourceTree = "<group>"; };
		4D488EC71C4EA039004AEF02 /* Info.plist */ = {isa = PBXFileReference; lastKnownFileType = text.plist.xml; path = Info.plist; sourceTree = "<group>"; };
		4D488ECF1C4EA228004AEF02 /* ApplicationEventObserver.h */ = {isa = PBXFileReference; fileEncoding = 4; lastKnownFileType = sourcecode.c.h; path = ApplicationEventObserver.h; sourceTree = "<group>"; };
		4D488ED01C4EA228004AEF02 /* ApplicationEventObserver.swift */ = {isa = PBXFileReference; fileEncoding = 4; lastKnownFileType = sourcecode.swift; path = ApplicationEventObserver.swift; sourceTree = "<group>"; };
		4D488ED11C4EA228004AEF02 /* Info.plist */ = {isa = PBXFileReference; fileEncoding = 4; lastKnownFileType = text.plist.xml; path = Info.plist; sourceTree = "<group>"; };
/* End PBXFileReference section */

/* Begin PBXFrameworksBuildPhase section */
		4D488EB51C4EA039004AEF02 /* Frameworks */ = {
			isa = PBXFrameworksBuildPhase;
			buildActionMask = 2147483647;
			files = (
			);
			runOnlyForDeploymentPostprocessing = 0;
		};
/* End PBXFrameworksBuildPhase section */

/* Begin PBXGroup section */
		4D488EAF1C4EA039004AEF02 = {
			isa = PBXGroup;
			children = (
				4D488ECD1C4EA1C6004AEF02 /* Development */,
				4D488EBA1C4EA039004AEF02 /* Demo */,
				4D488EB91C4EA039004AEF02 /* Products */,
			);
			sourceTree = "<group>";
		};
		4D488EB91C4EA039004AEF02 /* Products */ = {
			isa = PBXGroup;
			children = (
				4D488EB81C4EA039004AEF02 /* Demo.app */,
			);
			name = Products;
			sourceTree = "<group>";
		};
		4D488EBA1C4EA039004AEF02 /* Demo */ = {
			isa = PBXGroup;
			children = (
				4D488EBB1C4EA039004AEF02 /* AppDelegate.swift */,
				4D488EBD1C4EA039004AEF02 /* ViewController.swift */,
				4D488EBF1C4EA039004AEF02 /* Main.storyboard */,
				4D488EC21C4EA039004AEF02 /* Assets.xcassets */,
				4D488EC41C4EA039004AEF02 /* LaunchScreen.storyboard */,
				4D488EC71C4EA039004AEF02 /* Info.plist */,
			);
			path = Demo;
			sourceTree = "<group>";
		};
		4D488ECD1C4EA1C6004AEF02 /* Development */ = {
			isa = PBXGroup;
			children = (
				4D488ECE1C4EA228004AEF02 /* ApplicationEventObserver */,
			);
			name = Development;
			sourceTree = "<group>";
		};
		4D488ECE1C4EA228004AEF02 /* ApplicationEventObserver */ = {
			isa = PBXGroup;
			children = (
				4D488ECF1C4EA228004AEF02 /* ApplicationEventObserver.h */,
				4D488ED01C4EA228004AEF02 /* ApplicationEventObserver.swift */,
				4D488ED11C4EA228004AEF02 /* Info.plist */,
			);
			name = ApplicationEventObserver;
			path = ../ApplicationEventObserver;
			sourceTree = "<group>";
		};
/* End PBXGroup section */

/* Begin PBXNativeTarget section */
		4D488EB71C4EA039004AEF02 /* Demo */ = {
			isa = PBXNativeTarget;
			buildConfigurationList = 4D488ECA1C4EA039004AEF02 /* Build configuration list for PBXNativeTarget "Demo" */;
			buildPhases = (
				4D488EB41C4EA039004AEF02 /* Sources */,
				4D488EB51C4EA039004AEF02 /* Frameworks */,
				4D488EB61C4EA039004AEF02 /* Resources */,
			);
			buildRules = (
			);
			dependencies = (
			);
			name = Demo;
			productName = Demo;
			productReference = 4D488EB81C4EA039004AEF02 /* Demo.app */;
			productType = "com.apple.product-type.application";
		};
/* End PBXNativeTarget section */

/* Begin PBXProject section */
		4D488EB01C4EA039004AEF02 /* Project object */ = {
			isa = PBXProject;
			attributes = {
				LastSwiftUpdateCheck = 0720;
				LastUpgradeCheck = 0720;
				TargetAttributes = {
					4D488EB71C4EA039004AEF02 = {
						CreatedOnToolsVersion = 7.2;
						LastSwiftMigration = 0830;
					};
				};
			};
			buildConfigurationList = 4D488EB31C4EA039004AEF02 /* Build configuration list for PBXProject "Demo" */;
			compatibilityVersion = "Xcode 3.2";
			developmentRegion = English;
			hasScannedForEncodings = 0;
			knownRegions = (
				en,
				Base,
			);
			mainGroup = 4D488EAF1C4EA039004AEF02;
			productRefGroup = 4D488EB91C4EA039004AEF02 /* Products */;
			projectDirPath = "";
			projectRoot = "";
			targets = (
				4D488EB71C4EA039004AEF02 /* Demo */,
			);
		};
/* End PBXProject section */

/* Begin PBXResourcesBuildPhase section */
		4D488EB61C4EA039004AEF02 /* Resources */ = {
			isa = PBXResourcesBuildPhase;
			buildActionMask = 2147483647;
			files = (
				4D488ED31C4EA228004AEF02 /* Info.plist in Resources */,
				4D488EC61C4EA039004AEF02 /* LaunchScreen.storyboard in Resources */,
				4D488EC31C4EA039004AEF02 /* Assets.xcassets in Resources */,
				4D488EC11C4EA039004AEF02 /* Main.storyboard in Resources */,
			);
			runOnlyForDeploymentPostprocessing = 0;
		};
/* End PBXResourcesBuildPhase section */

/* Begin PBXSourcesBuildPhase section */
		4D488EB41C4EA039004AEF02 /* Sources */ = {
			isa = PBXSourcesBuildPhase;
			buildActionMask = 2147483647;
			files = (
				4D488EBE1C4EA039004AEF02 /* ViewController.swift in Sources */,
				4DE85D361C4FDF4B00399F10 /* ApplicationEventObserver.swift in Sources */,
				4D488EBC1C4EA039004AEF02 /* AppDelegate.swift in Sources */,
			);
			runOnlyForDeploymentPostprocessing = 0;
		};
/* End PBXSourcesBuildPhase section */

/* Begin PBXVariantGroup section */
		4D488EBF1C4EA039004AEF02 /* Main.storyboard */ = {
			isa = PBXVariantGroup;
			children = (
				4D488EC01C4EA039004AEF02 /* Base */,
			);
			name = Main.storyboard;
			sourceTree = "<group>";
		};
		4D488EC41C4EA039004AEF02 /* LaunchScreen.storyboard */ = {
			isa = PBXVariantGroup;
			children = (
				4D488EC51C4EA039004AEF02 /* Base */,
			);
			name = LaunchScreen.storyboard;
			sourceTree = "<group>";
		};
/* End PBXVariantGroup section */

/* Begin XCBuildConfiguration section */
		4D488EC81C4EA039004AEF02 /* Debug */ = {
			isa = XCBuildConfiguration;
			buildSettings = {
				ALWAYS_SEARCH_USER_PATHS = NO;
				CLANG_CXX_LANGUAGE_STANDARD = "gnu++0x";
				CLANG_CXX_LIBRARY = "libc++";
				CLANG_ENABLE_MODULES = YES;
				CLANG_ENABLE_OBJC_ARC = YES;
				CLANG_WARN_BOOL_CONVERSION = YES;
				CLANG_WARN_CONSTANT_CONVERSION = YES;
				CLANG_WARN_DIRECT_OBJC_ISA_USAGE = YES_ERROR;
				CLANG_WARN_EMPTY_BODY = YES;
				CLANG_WARN_ENUM_CONVERSION = YES;
				CLANG_WARN_INT_CONVERSION = YES;
				CLANG_WARN_OBJC_ROOT_CLASS = YES_ERROR;
				CLANG_WARN_UNREACHABLE_CODE = YES;
				CLANG_WARN__DUPLICATE_METHOD_MATCH = YES;
				"CODE_SIGN_IDENTITY[sdk=iphoneos*]" = "iPhone Developer";
				COPY_PHASE_STRIP = NO;
				DEBUG_INFORMATION_FORMAT = dwarf;
				ENABLE_STRICT_OBJC_MSGSEND = YES;
				ENABLE_TESTABILITY = YES;
				GCC_C_LANGUAGE_STANDARD = gnu99;
				GCC_DYNAMIC_NO_PIC = NO;
				GCC_NO_COMMON_BLOCKS = YES;
				GCC_OPTIMIZATION_LEVEL = 0;
				GCC_PREPROCESSOR_DEFINITIONS = (
					"DEBUG=1",
					"$(inherited)",
				);
				GCC_WARN_64_TO_32_BIT_CONVERSION = YES;
				GCC_WARN_ABOUT_RETURN_TYPE = YES_ERROR;
				GCC_WARN_UNDECLARED_SELECTOR = YES;
				GCC_WARN_UNINITIALIZED_AUTOS = YES_AGGRESSIVE;
				GCC_WARN_UNUSED_FUNCTION = YES;
				GCC_WARN_UNUSED_VARIABLE = YES;
				IPHONEOS_DEPLOYMENT_TARGET = 9.2;
				MTL_ENABLE_DEBUG_INFO = YES;
				ONLY_ACTIVE_ARCH = YES;
				SDKROOT = iphoneos;
				SWIFT_OPTIMIZATION_LEVEL = "-Onone";
			};
			name = Debug;
		};
		4D488EC91C4EA039004AEF02 /* Release */ = {
			isa = XCBuildConfiguration;
			buildSettings = {
				ALWAYS_SEARCH_USER_PATHS = NO;
				CLANG_CXX_LANGUAGE_STANDARD = "gnu++0x";
				CLANG_CXX_LIBRARY = "libc++";
				CLANG_ENABLE_MODULES = YES;
				CLANG_ENABLE_OBJC_ARC = YES;
				CLANG_WARN_BOOL_CONVERSION = YES;
				CLANG_WARN_CONSTANT_CONVERSION = YES;
				CLANG_WARN_DIRECT_OBJC_ISA_USAGE = YES_ERROR;
				CLANG_WARN_EMPTY_BODY = YES;
				CLANG_WARN_ENUM_CONVERSION = YES;
				CLANG_WARN_INT_CONVERSION = YES;
				CLANG_WARN_OBJC_ROOT_CLASS = YES_ERROR;
				CLANG_WARN_UNREACHABLE_CODE = YES;
				CLANG_WARN__DUPLICATE_METHOD_MATCH = YES;
				"CODE_SIGN_IDENTITY[sdk=iphoneos*]" = "iPhone Developer";
				COPY_PHASE_STRIP = NO;
				DEBUG_INFORMATION_FORMAT = "dwarf-with-dsym";
				ENABLE_NS_ASSERTIONS = NO;
				ENABLE_STRICT_OBJC_MSGSEND = YES;
				GCC_C_LANGUAGE_STANDARD = gnu99;
				GCC_NO_COMMON_BLOCKS = YES;
				GCC_WARN_64_TO_32_BIT_CONVERSION = YES;
				GCC_WARN_ABOUT_RETURN_TYPE = YES_ERROR;
				GCC_WARN_UNDECLARED_SELECTOR = YES;
				GCC_WARN_UNINITIALIZED_AUTOS = YES_AGGRESSIVE;
				GCC_WARN_UNUSED_FUNCTION = YES;
				GCC_WARN_UNUSED_VARIABLE = YES;
				IPHONEOS_DEPLOYMENT_TARGET = 9.2;
				MTL_ENABLE_DEBUG_INFO = NO;
				SDKROOT = iphoneos;
				VALIDATE_PRODUCT = YES;
			};
			name = Release;
		};
		4D488ECB1C4EA039004AEF02 /* Debug */ = {
			isa = XCBuildConfiguration;
			buildSettings = {
				ASSETCATALOG_COMPILER_APPICON_NAME = AppIcon;
				INFOPLIST_FILE = Demo/Info.plist;
				LD_RUNPATH_SEARCH_PATHS = "$(inherited) @executable_path/Frameworks";
				PRODUCT_BUNDLE_IDENTIFIER = "com.github.sgr-ksmt.Demo";
				PRODUCT_NAME = "$(TARGET_NAME)";
				SWIFT_VERSION = 3.0;
			};
			name = Debug;
		};
		4D488ECC1C4EA039004AEF02 /* Release */ = {
			isa = XCBuildConfiguration;
			buildSettings = {
				ASSETCATALOG_COMPILER_APPICON_NAME = AppIcon;
				INFOPLIST_FILE = Demo/Info.plist;
				LD_RUNPATH_SEARCH_PATHS = "$(inherited) @executable_path/Frameworks";
				PRODUCT_BUNDLE_IDENTIFIER = "com.github.sgr-ksmt.Demo";
				PRODUCT_NAME = "$(TARGET_NAME)";
				SWIFT_VERSION = 3.0;
			};
			name = Release;
		};
/* End XCBuildConfiguration section */

/* Begin XCConfigurationList section */
		4D488EB31C4EA039004AEF02 /* Build configuration list for PBXProject "Demo" */ = {
			isa = XCConfigurationList;
			buildConfigurations = (
				4D488EC81C4EA039004AEF02 /* Debug */,
				4D488EC91C4EA039004AEF02 /* Release */,
			);
			defaultConfigurationIsVisible = 0;
			defaultConfigurationName = Release;
		};
		4D488ECA1C4EA039004AEF02 /* Build configuration list for PBXNativeTarget "Demo" */ = {
			isa = XCConfigurationList;
			buildConfigurations = (
				4D488ECB1C4EA039004AEF02 /* Debug */,
				4D488ECC1C4EA039004AEF02 /* Release */,
			);
			defaultConfigurationIsVisible = 0;
			defaultConfigurationName = Release;
		};
/* End XCConfigurationList section */
	};
	rootObject = 4D488EB01C4EA039004AEF02 /* Project object */;
}
